
Microsoft Visual Studio Solution File, Format Version 12.00
# Visual Studio Version 17
VisualStudioVersion = 17.14.36127.28 d17.14
MinimumVisualStudioVersion = 10.0.40219.1
Project("{FAE04EC0-301F-11D3-BF4B-00C04F79EFBC}") = "LAB4", "LAB4\LAB4.csproj", "{0BC9BF49-15F8-4882-A8F0-45B1C86F85F6}"
EndProject
Global
	GlobalSection(SolutionConfigurationPlatforms) = preSolution
		Debug|Any CPU = Debug|Any CPU
		Release|Any CPU = Release|Any CPU
	EndGlobalSection
	GlobalSection(ProjectConfigurationPlatforms) = postSolution
		{0BC9BF49-15F8-4882-A8F0-45B1C86F85F6}.Debug|Any CPU.ActiveCfg = Debug|Any CPU
		{0BC9BF49-15F8-4882-A8F0-45B1C86F85F6}.Debug|Any CPU.Build.0 = Debug|Any CPU
		{0BC9BF49-15F8-4882-A8F0-45B1C86F85F6}.Release|Any CPU.ActiveCfg = Release|Any CPU
		{0BC9BF49-15F8-4882-A8F0-45B1C86F85F6}.Release|Any CPU.Build.0 = Release|Any CPU
	EndGlobalSection
	GlobalSection(SolutionProperties) = preSolution
		HideSolutionNode = FALSE
	EndGlobalSection
	GlobalSection(ExtensibilityGlobals) = postSolution
		SolutionGuid = {1C7E7A76-A68F-4536-A0F8-CA67BA809D57}
	EndGlobalSection
EndGlobal
